
Microsoft Visual Studio Solution File, Format Version 12.00
# Visual Studio Version 17
VisualStudioVersion = 17.2.32519.379
MinimumVisualStudioVersion = 10.0.40219.1
Project("{FAE04EC0-301F-11D3-BF4B-00C04F79EFBC}") = "HrProgramWeb", "HrProgramWeb\HrProgramWeb.csproj", "{427B64C6-FB3C-4946-B296-F1FC67430DDE}"
EndProject
Global
	GlobalSection(SolutionConfigurationPlatforms) = preSolution
		Debug|Any CPU = Debug|Any CPU
		Release|Any CPU = Release|Any CPU
	EndGlobalSection
	GlobalSection(ProjectConfigurationPlatforms) = postSolution
		{427B64C6-FB3C-4946-B296-F1FC67430DDE}.Debug|Any CPU.ActiveCfg = Debug|Any CPU
		{427B64C6-FB3C-4946-B296-F1FC67430DDE}.Debug|Any CPU.Build.0 = Debug|Any CPU
		{427B64C6-FB3C-4946-B296-F1FC67430DDE}.Release|Any CPU.ActiveCfg = Release|Any CPU
		{427B64C6-FB3C-4946-B296-F1FC67430DDE}.Release|Any CPU.Build.0 = Release|Any CPU
	EndGlobalSection
	GlobalSection(SolutionProperties) = preSolution
		HideSolutionNode = FALSE
	EndGlobalSection
	GlobalSection(ExtensibilityGlobals) = postSolution
		SolutionGuid = {2D535472-36FB-4484-9F12-9933D27B79A7}
	EndGlobalSection
EndGlobal
